PODS:
  - connectivity_plus (0.0.1):
    - Flutter
  - Firebase/CoreOnly (12.14.0):
    - FirebaseCore (~> 12.14.0)
  - Firebase/Messaging (12.14.0):
    - Firebase/CoreOnly
    - FirebaseMessaging (~> 12.14.0)
  - firebase_core (4.10.0):
    - Firebase/CoreOnly (= 12.14.0)
    - Flutter
  - firebase_messaging (16.3.0):
    - Firebase/Messaging (= 12.14.0)
    - firebase_core
    - Flutter
  - FirebaseCore (12.14.0):
    - FirebaseCoreInternal (~> 12.14.0)
    - GoogleUtilities/Environment (~> 8.1)
    - GoogleUtilities/Logger (~> 8.1)
  - FirebaseCoreInternal (12.14.0):
    - "GoogleUtilities/NSData+zlib (~> 8.1)"
  - FirebaseInstallations (12.14.0):
    - FirebaseCore (~> 12.14.0)
    - GoogleUtilities/Environment (~> 8.1)
    - GoogleUtilities/UserDefaults (~> 8.1)
    - PromisesObjC (~> 2.4)
  - FirebaseMessaging (12.14.0):
    - FirebaseCore (~> 12.14.0)
    - FirebaseInstallations (~> 12.14.0)
    - GoogleDataTransport (~> 10.1)
    - GoogleUtilities/AppDelegateSwizzler (~> 8.1)
    - GoogleUtilities/Environment (~> 8.1)
    - GoogleUtilities/Reachability (~> 8.1)
    - GoogleUtilities/UserDefaults (~> 8.1)
    - nanopb (~> 3.30910.0)
  - Flutter (1.0.0)
  - flutter_inappwebview_ios (0.0.1):
    - Flutter
    - flutter_inappwebview_ios/Core (= 0.0.1)
    - OrderedSet (~> 6.0.3)
  - flutter_inappwebview_ios/Core (0.0.1):
    - Flutter
    - OrderedSet (~> 6.0.3)
  - flutter_js (0.1.0):
    - Flutter
  - flutter_local_notifications (0.0.1):
    - Flutter
  - flutter_native_splash (2.4.3):
    - Flutter
  - flutter_secure_storage_darwin (10.0.0):
    - Flutter
    - FlutterMacOS
  - FMDB/Core (2.7.12)
  - FMDB/SQLCipher (2.7.12):
    - FMDB/Core
    - SQLCipher (~> 4.6)
  - GoogleDataTransport (10.1.0):
    - nanopb (~> 3.30910.0)
    - PromisesObjC (~> 2.4)
  - GoogleUtilities/AppDelegateSwizzler (8.1.0):
    - GoogleUtilities/Environment
    - GoogleUtilities/Logger
    - GoogleUtilities/Network
    - GoogleUtilities/Privacy
  - GoogleUtilities/Environment (8.1.0):
    - GoogleUtilities/Privacy
  - GoogleUtilities/Logger (8.1.0):
    - GoogleUtilities/Environment
    - GoogleUtilities/Privacy
  - GoogleUtilities/Network (8.1.0):
    - GoogleUtilities/Logger
    - "GoogleUtilities/NSData+zlib"
    - GoogleUtilities/Privacy
    - GoogleUtilities/Reachability
  - "GoogleUtilities/NSData+zlib (8.1.0)":
    - GoogleUtilities/Privacy
  - GoogleUtilities/Privacy (8.1.0)
  - GoogleUtilities/Reachability (8.1.0):
    - GoogleUtilities/Logger
    - GoogleUtilities/Privacy
  - GoogleUtilities/UserDefaults (8.1.0):
    - GoogleUtilities/Logger
    - GoogleUtilities/Privacy
  - nanopb (3.30910.0):
    - nanopb/decode (= 3.30910.0)
    - nanopb/encode (= 3.30910.0)
  - nanopb/decode (3.30910.0)
  - nanopb/encode (3.30910.0)
  - OrderedSet (6.0.3)
  - package_info_plus (0.4.5):
    - Flutter
  - PromisesObjC (2.4.1)
  - qr_code_scanner_plus (0.2.6):
    - Flutter
  - shared_preferences_foundation (0.0.1):
    - Flutter
    - FlutterMacOS
  - sqflite_darwin (0.0.4):
    - Flutter
    - FlutterMacOS
  - sqflite_sqlcipher (0.0.1):
    - Flutter
    - FMDB/SQLCipher (~> 2.7.5)
    - SQLCipher (= 4.10.0)
  - SQLCipher (4.10.0):
    - SQLCipher/standard (= 4.10.0)
  - SQLCipher/common (4.10.0)
  - SQLCipher/standard (4.10.0):
    - SQLCipher/common
  - url_launcher_ios (0.0.1):
    - Flutter
  - video_player_avfoundation (0.0.1):
    - Flutter
    - FlutterMacOS

DEPENDENCIES:
  - connectivity_plus (from `.symlinks/plugins/connectivity_plus/ios`)
  - firebase_core (from `.symlinks/plugins/firebase_core/ios`)
  - firebase_messaging (from `.symlinks/plugins/firebase_messaging/ios`)
  - Flutter (from `Flutter`)
  - flutter_inappwebview_ios (from `.symlinks/plugins/flutter_inappwebview_ios/ios`)
  - flutter_js (from `.symlinks/plugins/flutter_js/ios`)
  - flutter_local_notifications (from `.symlinks/plugins/flutter_local_notifications/ios`)
  - flutter_native_splash (from `.symlinks/plugins/flutter_native_splash/ios`)
  - flutter_secure_storage_darwin (from `.symlinks/plugins/flutter_secure_storage_darwin/darwin`)
  - package_info_plus (from `.symlinks/plugins/package_info_plus/ios`)
  - qr_code_scanner_plus (from `.symlinks/plugins/qr_code_scanner_plus/ios`)
  - shared_preferences_foundation (from `.symlinks/plugins/shared_preferences_foundation/darwin`)
  - sqflite_darwin (from `.symlinks/plugins/sqflite_darwin/darwin`)
  - sqflite_sqlcipher (from `.symlinks/plugins/sqflite_sqlcipher/ios`)
  - url_launcher_ios (from `.symlinks/plugins/url_launcher_ios/ios`)
  - video_player_avfoundation (from `.symlinks/plugins/video_player_avfoundation/darwin`)

SPEC REPOS:
  trunk:
    - Firebase
    - FirebaseCore
    - FirebaseCoreInternal
    - FirebaseInstallations
    - FirebaseMessaging
    - FMDB
    - GoogleDataTransport
    - GoogleUtilities
    - nanopb
    - OrderedSet
    - PromisesObjC
    - SQLCipher

EXTERNAL SOURCES:
  connectivity_plus:
    :path: ".symlinks/plugins/connectivity_plus/ios"
  firebase_core:
    :path: ".symlinks/plugins/firebase_core/ios"
  firebase_messaging:
    :path: ".symlinks/plugins/firebase_messaging/ios"
  Flutter:
    :path: Flutter
  flutter_inappwebview_ios:
    :path: ".symlinks/plugins/flutter_inappwebview_ios/ios"
  flutter_js:
    :path: ".symlinks/plugins/flutter_js/ios"
  flutter_local_notifications:
    :path: ".symlinks/plugins/flutter_local_notifications/ios"
  flutter_native_splash:
    :path: ".symlinks/plugins/flutter_native_splash/ios"
  flutter_secure_storage_darwin:
    :path: ".symlinks/plugins/flutter_secure_storage_darwin/darwin"
  package_info_plus:
    :path: ".symlinks/plugins/package_info_plus/ios"
  qr_code_scanner_plus:
    :path: ".symlinks/plugins/qr_code_scanner_plus/ios"
  shared_preferences_foundation:
    :path: ".symlinks/plugins/shared_preferences_foundation/darwin"
  sqflite_darwin:
    :path: ".symlinks/plugins/sqflite_darwin/darwin"
  sqflite_sqlcipher:
    :path: ".symlinks/plugins/sqflite_sqlcipher/ios"
  url_launcher_ios:
    :path: ".symlinks/plugins/url_launcher_ios/ios"
  video_player_avfoundation:
    :path: ".symlinks/plugins/video_player_avfoundation/darwin"

SPEC CHECKSUMS:
  connectivity_plus: cb623214f4e1f6ef8fe7403d580fdad517d2f7dd
  Firebase: 7cc10425300768ec86292688af5cb228f0604bde
  firebase_core: 383e19b49a08df5d7a6cf5017616de6a357ed7af
  firebase_messaging: ab03d6090864c0fb8136521231df6a66cb13be49
  FirebaseCore: 4939b340b9c598dc1f965d68f8fe57e630b65407
  FirebaseCoreInternal: 090369a5fffd7423cf88006ab4d2ccc2173a8db9
  FirebaseInstallations: 7cdc919e29dc54306edeffdbdc1eed1a40d7d1e7
  FirebaseMessaging: 4803888ce3002188f24e19faa8d2326261538426
  Flutter: cabc95a1d2626b1b06e7179b784ebcf0c0cde467
  flutter_inappwebview_ios: b89ba3482b96fb25e00c967aae065701b66e9b99
  flutter_js: 867813c1830e1d9b2c5d547cdb6f61801e2f2145
  flutter_local_notifications: 643a3eda1ce1c0599413ca31672536d423dee214
  flutter_native_splash: c32d145d68aeda5502d5f543ee38c192065986cf
  flutter_secure_storage_darwin: acdb3f316ed05a3e68f856e0353b133eec373a23
  FMDB: 728731dd336af3936ce00f91d9d8495f5718a0e6
  GoogleDataTransport: aae35b7ea0c09004c3797d53c8c41f66f219d6a7
  GoogleUtilities: 00c88b9a86066ef77f0da2fab05f65d7768ed8e1
  nanopb: fad817b59e0457d11a5dfbde799381cd727c1275
  OrderedSet: e539b66b644ff081c73a262d24ad552a69be3a94
  package_info_plus: af8e2ca6888548050f16fa2f1938db7b5a5df499
  PromisesObjC: 752c3227f599e3467650e47ea36f433eeb10c273
  qr_code_scanner_plus: 1fb59fd4576edb53ec7560c3746f454dee54300c
  shared_preferences_foundation: 7036424c3d8ec98dfe75ff1667cb0cd531ec82bb
  sqflite_darwin: 20b2a3a3b70e43edae938624ce550a3cbf66a3d0
  sqflite_sqlcipher: 8e5bdaae6b2c254f8a277a564f07bc4e2a8642a3
  SQLCipher: eb79c64049cb002b4e9fcb30edb7979bf4706dfc
  url_launcher_ios: 7a95fa5b60cc718a708b8f2966718e93db0cef1b
  video_player_avfoundation: 3453f792138786248960ca029747fcd9f318ef52

PODFILE CHECKSUM: 4f2e9fe36c1934c67f2a867a19235bb82d663f36

COCOAPODS: 1.16.2
